
Microsoft Visual Studio Solution File, Format Version 12.00
# Visual Studio 15
VisualStudioVersion = 15.0.27130.2027
MinimumVisualStudioVersion = 10.0.40219.1
Project("{9A19103F-16F7-4668-BE54-9A1E7A4F7556}") = "FoodForFunWebApi", "FoodForFunWebApi\FoodForFunWebApi.csproj", "{A1F2669D-8131-4C12-9CB2-6B535E8A3F48}"
EndProject
Project("{9A19103F-16F7-4668-BE54-9A1E7A4F7556}") = "DomainModel", "DomainModel\DomainModel.csproj", "{CC9C89DC-07CF-425B-BAF9-AF2C4C4343D1}"
EndProject
Project("{9A19103F-16F7-4668-BE54-9A1E7A4F7556}") = "DomainServices", "DomainServices\DomainServices.csproj", "{E1AE16FD-E500-4D87-9AC5-DBC6E08A7F40}"
EndProject
Project("{2150E333-8FDC-42A3-9474-1A3956D46DE8}") = "1Domain", "1Domain", "{18AEE0A6-0E11-4521-BDEC-55EA29AEEBA9}"
EndProject
Project("{2150E333-8FDC-42A3-9474-1A3956D46DE8}") = "2DomainServices", "2DomainServices", "{3B57C9A9-D1D5-4D1B-A8D3-39D19FA2960A}"
EndProject
Project("{2150E333-8FDC-42A3-9474-1A3956D46DE8}") = "3ApplicationServices", "3ApplicationServices", "{596033EC-F844-47B6-BF69-E14DC9C6053E}"
EndProject
Project("{FAE04EC0-301F-11D3-BF4B-00C04F79EFBC}") = "ApplicationServices", "ApplicationServices\ApplicationServices.csproj", "{8DE3407E-6EAC-4A09-BE77-69F6795FCB4E}"
EndProject
Project("{2150E333-8FDC-42A3-9474-1A3956D46DE8}") = "5ClientApplication", "5ClientApplication", "{91B658D8-087C-47E7-9DD5-7D9561B269A5}"
EndProject
Project("{2150E333-8FDC-42A3-9474-1A3956D46DE8}") = "4Infrastructure", "4Infrastructure", "{6C3D4525-82DC-45E5-B3E3-D10B1CEC8461}"
	ProjectSection(SolutionItems) = preProject
		README.md = README.md
	EndProjectSection
EndProject
Project("{FAE04EC0-301F-11D3-BF4B-00C04F79EFBC}") = "ApplicationDependencies", "ApplicationDependencies\ApplicationDependencies.csproj", "{A80B3F88-2652-43BF-94F2-44BAF35DBC5A}"
EndProject
Project("{FAE04EC0-301F-11D3-BF4B-00C04F79EFBC}") = "DataAccess", "DataAccess\DataAccess.csproj", "{D9180751-87BE-47B9-A8C2-653BFB40BCA4}"
EndProject
Global
	GlobalSection(SolutionConfigurationPlatforms) = preSolution
		Debug|Any CPU = Debug|Any CPU
		Release|Any CPU = Release|Any CPU
	EndGlobalSection
	GlobalSection(ProjectConfigurationPlatforms) = postSolution
		{A1F2669D-8131-4C12-9CB2-6B535E8A3F48}.Debug|Any CPU.ActiveCfg = Debug|Any CPU
		{A1F2669D-8131-4C12-9CB2-6B535E8A3F48}.Debug|Any CPU.Build.0 = Debug|Any CPU
		{A1F2669D-8131-4C12-9CB2-6B535E8A3F48}.Release|Any CPU.ActiveCfg = Release|Any CPU
		{A1F2669D-8131-4C12-9CB2-6B535E8A3F48}.Release|Any CPU.Build.0 = Release|Any CPU
		{CC9C89DC-07CF-425B-BAF9-AF2C4C4343D1}.Debug|Any CPU.ActiveCfg = Debug|Any CPU
		{CC9C89DC-07CF-425B-BAF9-AF2C4C4343D1}.Debug|Any CPU.Build.0 = Debug|Any CPU
		{CC9C89DC-07CF-425B-BAF9-AF2C4C4343D1}.Release|Any CPU.ActiveCfg = Release|Any CPU
		{CC9C89DC-07CF-425B-BAF9-AF2C4C4343D1}.Release|Any CPU.Build.0 = Release|Any CPU
		{E1AE16FD-E500-4D87-9AC5-DBC6E08A7F40}.Debug|Any CPU.ActiveCfg = Debug|Any CPU
		{E1AE16FD-E500-4D87-9AC5-DBC6E08A7F40}.Debug|Any CPU.Build.0 = Debug|Any CPU
		{E1AE16FD-E500-4D87-9AC5-DBC6E08A7F40}.Release|Any CPU.ActiveCfg = Release|Any CPU
		{E1AE16FD-E500-4D87-9AC5-DBC6E08A7F40}.Release|Any CPU.Build.0 = Release|Any CPU
		{8DE3407E-6EAC-4A09-BE77-69F6795FCB4E}.Debug|Any CPU.ActiveCfg = Debug|Any CPU
		{8DE3407E-6EAC-4A09-BE77-69F6795FCB4E}.Debug|Any CPU.Build.0 = Debug|Any CPU
		{8DE3407E-6EAC-4A09-BE77-69F6795FCB4E}.Release|Any CPU.ActiveCfg = Release|Any CPU
		{8DE3407E-6EAC-4A09-BE77-69F6795FCB4E}.Release|Any CPU.Build.0 = Release|Any CPU
		{A80B3F88-2652-43BF-94F2-44BAF35DBC5A}.Debug|Any CPU.ActiveCfg = Debug|Any CPU
		{A80B3F88-2652-43BF-94F2-44BAF35DBC5A}.Debug|Any CPU.Build.0 = Debug|Any CPU
		{A80B3F88-2652-43BF-94F2-44BAF35DBC5A}.Release|Any CPU.ActiveCfg = Release|Any CPU
		{A80B3F88-2652-43BF-94F2-44BAF35DBC5A}.Release|Any CPU.Build.0 = Release|Any CPU
		{D9180751-87BE-47B9-A8C2-653BFB40BCA4}.Debug|Any CPU.ActiveCfg = Debug|Any CPU
		{D9180751-87BE-47B9-A8C2-653BFB40BCA4}.Debug|Any CPU.Build.0 = Debug|Any CPU
		{D9180751-87BE-47B9-A8C2-653BFB40BCA4}.Release|Any CPU.ActiveCfg = Release|Any CPU
		{D9180751-87BE-47B9-A8C2-653BFB40BCA4}.Release|Any CPU.Build.0 = Release|Any CPU
	EndGlobalSection
	GlobalSection(SolutionProperties) = preSolution
		HideSolutionNode = FALSE
	EndGlobalSection
	GlobalSection(NestedProjects) = preSolution
		{A1F2669D-8131-4C12-9CB2-6B535E8A3F48} = {91B658D8-087C-47E7-9DD5-7D9561B269A5}
		{CC9C89DC-07CF-425B-BAF9-AF2C4C4343D1} = {18AEE0A6-0E11-4521-BDEC-55EA29AEEBA9}
		{E1AE16FD-E500-4D87-9AC5-DBC6E08A7F40} = {3B57C9A9-D1D5-4D1B-A8D3-39D19FA2960A}
		{8DE3407E-6EAC-4A09-BE77-69F6795FCB4E} = {596033EC-F844-47B6-BF69-E14DC9C6053E}
		{A80B3F88-2652-43BF-94F2-44BAF35DBC5A} = {6C3D4525-82DC-45E5-B3E3-D10B1CEC8461}
		{D9180751-87BE-47B9-A8C2-653BFB40BCA4} = {6C3D4525-82DC-45E5-B3E3-D10B1CEC8461}
	EndGlobalSection
	GlobalSection(ExtensibilityGlobals) = postSolution
		SolutionGuid = {DF20455F-CEB3-4D0F-B96B-1011BC1F624D}
	EndGlobalSection
EndGlobal
